{
  "name": "haiku",
  "version": "1.0.0",
  "lockfileVersion": 3,
  "requires": true,
  "packages": {
    "": {
      "name": "haiku",
      "version": "1.0.0",
      "license": "ISC",
      "dependencies": {
        "commander": "^12.1.0",
        "console-grid": "^2.2.2",
        "shuffle-array": "^1.0.1"
      },
      "bin": {
        "haiku": "src/cli.js"
      }
    },
    "node_modules/commander": {
      "version": "12.1.0",
      "resolved": "https://registry.npmjs.org/commander/-/commander-12.1.0.tgz",
      "integrity": "sha512-Vw8qHK3bZM9y/P10u3Vib8o/DdkvA2OtPtZvD871QKjy74Wj1WSKFILMPRPSdUSx5RFK1arlJzEtA4PkFgnbuA==",
      "license": "MIT",
      "engines": {
        "node": ">=18"
      }
    },
    "node_modules/console-grid": {
      "version": "2.2.2",
      "resolved": "https://registry.npmjs.org/console-grid/-/console-grid-2.2.2.tgz",
      "integrity": "sha512-ohlgXexdDTKLNsZz7DSJuCAwmRc8omSS61txOk39W3NOthgKGr1a1jJpZ5BCQe4PlrwMw01OvPQ1Bl3G7Y/uFg==",
      "license": "MIT"
    },
    "node_modules/shuffle-array": {
      "version": "1.0.1",
      "resolved": "https://registry.npmjs.org/shuffle-array/-/shuffle-array-1.0.1.tgz",
      "integrity": "sha512-0TFRU8zVQaLatWKr0/czo19VyPNgb/a3sBc1GAjVfivfzEGaS54vueNgtAu/8/pW7EM/VF5fwq9zgpLdGyRmVw==",
      "license": "MIT"
    }
  }
}
